
Microsoft Visual Studio Solution File, Format Version 12.00
# Visual Studio 14
VisualStudioVersion = 14.0.25420.1
MinimumVisualStudioVersion = 10.0.40219.1
Project("{A07B5EB6-E848-4116-A8D0-A826331D98C6}") = "RestServer", "RestServer\RestServer.sfproj", "{7A96B998-AB47-41A7-B045-4F561BA5B548}"
EndProject
Project("{FAE04EC0-301F-11D3-BF4B-00C04F79EFBC}") = "RestServer.FrontEndService", "FrontEndService\RestServer.FrontEndService.csproj", "{0F3A0868-521A-4356-BFD1-1029651F94B0}"
EndProject
Project("{2150E333-8FDC-42A3-9474-1A3956D46DE8}") = "FabricShared", "FabricShared", "{3E197435-0026-4271-BFF2-0859BF71098B}"
EndProject
Project("{2150E333-8FDC-42A3-9474-1A3956D46DE8}") = "FabricApp", "FabricApp", "{DFCD1607-8765-49AC-A1EF-0C5D304CF702}"
EndProject
Project("{2150E333-8FDC-42A3-9474-1A3956D46DE8}") = "Client", "Client", "{E0FCA6CE-0855-4F86-A1C9-6160D407D1CB}"
EndProject
Project("{FAE04EC0-301F-11D3-BF4B-00C04F79EFBC}") = "RestServer.FabricShared.BaseServices", "FabricShared.BaseServices\RestServer.FabricShared.BaseServices.csproj", "{217BD922-30B3-43D1-9EEE-9709AD105082}"
EndProject
Project("{2150E333-8FDC-42A3-9474-1A3956D46DE8}") = "Core", "Core", "{6C5BF55E-B863-4AF4-B7F9-53BD7393CCD3}"
EndProject
Project("{FAE04EC0-301F-11D3-BF4B-00C04F79EFBC}") = "RestServer.Logging", "Logging\RestServer.Logging.csproj", "{770A8534-D441-4288-AEDB-13B84CC2037D}"
EndProject
Project("{FAE04EC0-301F-11D3-BF4B-00C04F79EFBC}") = "RestServer.FabricShared.Logging", "FabricShared.Logging\RestServer.FabricShared.Logging.csproj", "{9AD87E1C-C63A-4FF3-AA3F-40D23B4591F1}"
EndProject
Project("{FAE04EC0-301F-11D3-BF4B-00C04F79EFBC}") = "RestServer.Core", "Core\RestServer.Core.csproj", "{69C00889-769C-4C2C-9A54-29B6B53E1D9C}"
EndProject
Project("{FAE04EC0-301F-11D3-BF4B-00C04F79EFBC}") = "RestServer.IoC", "IoC\RestServer.IoC.csproj", "{1003BB7B-2E1D-48AC-A9D0-E2C4B82E62A1}"
EndProject
Project("{FAE04EC0-301F-11D3-BF4B-00C04F79EFBC}") = "RestServer.ServerContext", "RestServer.ServerContext\RestServer.ServerContext.csproj", "{F5A4B108-120D-4971-A3E3-0E41635B5109}"
EndProject
Project("{2150E333-8FDC-42A3-9474-1A3956D46DE8}") = "Storage", "Storage", "{BEE36E62-61E9-41DB-A876-E8B014D2FA25}"
EndProject
Project("{00D1A9C2-B5F0-4AF3-8072-F6C62B433612}") = "RestServer.Sql", "RestServer.Sql\RestServer.Sql.sqlproj", "{B7EA53AA-CC3C-4DBA-8FFC-C0A5AA4BAC50}"
EndProject
Project("{FAE04EC0-301F-11D3-BF4B-00C04F79EFBC}") = "RestServer.Utility", "RestServer.Utility\RestServer.Utility.csproj", "{97B5A040-270A-490E-8612-01EC6FAA06BF}"
EndProject
Project("{FAE04EC0-301F-11D3-BF4B-00C04F79EFBC}") = "RestServer.Business.Core", "RestServer.Business.Core\RestServer.Business.Core.csproj", "{846C7206-2ED2-4A36-8140-D7AE657DE61E}"
EndProject
Project("{FAE04EC0-301F-11D3-BF4B-00C04F79EFBC}") = "RestServer.Interfaces", "RestServer.Interfaces\RestServer.Interfaces.csproj", "{0B8B8A2A-52EE-4445-B2BE-7666FC5BA209}"
EndProject
Project("{FAE04EC0-301F-11D3-BF4B-00C04F79EFBC}") = "RestServer.Entities", "RestServer.Entities\RestServer.Entities.csproj", "{93988F7C-B7B2-4308-BBB0-A27C1E8A03DD}"
EndProject
Project("{FAE04EC0-301F-11D3-BF4B-00C04F79EFBC}") = "RestServer.Business", "RestServer.Business\RestServer.Business.csproj", "{F0DB33BD-3C44-43AC-B2AB-99D692A699E7}"
EndProject
Project("{FAE04EC0-301F-11D3-BF4B-00C04F79EFBC}") = "RestServer.DataAccess", "RestServer.DataAccess\RestServer.DataAccess.csproj", "{19819F4D-4156-4B56-973A-C88EBC93C8E8}"
EndProject
Project("{FAE04EC0-301F-11D3-BF4B-00C04F79EFBC}") = "RestServer.DataAccess.Core", "RestServer.DataAccess.Core\RestServer.DataAccess.Core.csproj", "{EE983C02-182C-4B13-8568-9D40CEF9191C}"
EndProject
Project("{FAE04EC0-301F-11D3-BF4B-00C04F79EFBC}") = "RestServer.Cache", "RestServer.Cache\RestServer.Cache.csproj", "{16251B74-E916-4E91-90FB-99110A05BBE7}"
EndProject
Project("{FAE04EC0-301F-11D3-BF4B-00C04F79EFBC}") = "RestServer.Configuration", "RestServer.Configuration\RestServer.Configuration.csproj", "{F0FB5C81-5F07-4BEB-9899-40554F061148}"
EndProject
Project("{FAE04EC0-301F-11D3-BF4B-00C04F79EFBC}") = "RestServer.KeyStore", "RestServer.KeyStore\RestServer.KeyStore.csproj", "{DE7B552E-733D-4318-961B-8647408BA6FE}"
EndProject
Project("{FAE04EC0-301F-11D3-BF4B-00C04F79EFBC}") = "RestServer.FabricShared.Configuration", "RestServer.FabricShared.Configuration\RestServer.FabricShared.Configuration.csproj", "{C3C43C3C-AABF-4437-A74A-FA532480D296}"
EndProject
Project("{FAE04EC0-301F-11D3-BF4B-00C04F79EFBC}") = "RestServer.DataAccess.Configuration", "RestServer.DataAccess.Configuration\RestServer.DataAccess.Configuration.csproj", "{3F78827C-9657-4D21-99A3-97ECC60BF88C}"
EndProject
Project("{FAE04EC0-301F-11D3-BF4B-00C04F79EFBC}") = "RestServer.Notification", "RestServer.Notification\RestServer.Notification.csproj", "{26FE921C-B7D6-4863-97F8-DA98C9C69B6E}"
EndProject
Project("{FAE04EC0-301F-11D3-BF4B-00C04F79EFBC}") = "RestServer.RestClientCache", "RestServer.RestClientCache\RestServer.RestClientCache.csproj", "{B001E2A5-3F40-4B30-ADC5-BBA6EEB3CEEC}"
EndProject
Project("{FAE04EC0-301F-11D3-BF4B-00C04F79EFBC}") = "RestServer.RestSecurity", "RestServer.RestSecurity\RestServer.RestSecurity.csproj", "{428B6B6B-B55E-4E4F-AB18-2701AC9BB3D4}"
EndProject
Project("{FAE04EC0-301F-11D3-BF4B-00C04F79EFBC}") = "RestServer.DataAccess.DocumentDb", "RestServer.DataAccess.DocumentDb\RestServer.DataAccess.DocumentDb.csproj", "{1AAF0A79-B5D0-4786-A2A2-80E14CF7CEB1}"
EndProject
Project("{FAE04EC0-301F-11D3-BF4B-00C04F79EFBC}") = "RestServer.Cache.Core", "RestServer.Cache.Core\RestServer.Cache.Core.csproj", "{5EC84123-D50C-4A61-8986-EF4E7AF2F420}"
EndProject
Global
	GlobalSection(SolutionConfigurationPlatforms) = preSolution
		Debug|Any CPU = Debug|Any CPU
		Debug|x64 = Debug|x64
		Release|Any CPU = Release|Any CPU
		Release|x64 = Release|x64
	EndGlobalSection
	GlobalSection(ProjectConfigurationPlatforms) = postSolution
		{7A96B998-AB47-41A7-B045-4F561BA5B548}.Debug|Any CPU.ActiveCfg = Debug|x64
		{7A96B998-AB47-41A7-B045-4F561BA5B548}.Debug|x64.ActiveCfg = Debug|x64
		{7A96B998-AB47-41A7-B045-4F561BA5B548}.Debug|x64.Build.0 = Debug|x64
		{7A96B998-AB47-41A7-B045-4F561BA5B548}.Debug|x64.Deploy.0 = Debug|x64
		{7A96B998-AB47-41A7-B045-4F561BA5B548}.Release|Any CPU.ActiveCfg = Release|x64
		{7A96B998-AB47-41A7-B045-4F561BA5B548}.Release|x64.ActiveCfg = Release|x64
		{7A96B998-AB47-41A7-B045-4F561BA5B548}.Release|x64.Build.0 = Release|x64
		{7A96B998-AB47-41A7-B045-4F561BA5B548}.Release|x64.Deploy.0 = Release|x64
		{0F3A0868-521A-4356-BFD1-1029651F94B0}.Debug|Any CPU.ActiveCfg = Debug|x64
		{0F3A0868-521A-4356-BFD1-1029651F94B0}.Debug|x64.ActiveCfg = Debug|x64
		{0F3A0868-521A-4356-BFD1-1029651F94B0}.Debug|x64.Build.0 = Debug|x64
		{0F3A0868-521A-4356-BFD1-1029651F94B0}.Release|Any CPU.ActiveCfg = Release|x64
		{0F3A0868-521A-4356-BFD1-1029651F94B0}.Release|x64.ActiveCfg = Release|x64
		{0F3A0868-521A-4356-BFD1-1029651F94B0}.Release|x64.Build.0 = Release|x64
		{217BD922-30B3-43D1-9EEE-9709AD105082}.Debug|Any CPU.ActiveCfg = Debug|Any CPU
		{217BD922-30B3-43D1-9EEE-9709AD105082}.Debug|Any CPU.Build.0 = Debug|Any CPU
		{217BD922-30B3-43D1-9EEE-9709AD105082}.Debug|x64.ActiveCfg = Debug|Any CPU
		{217BD922-30B3-43D1-9EEE-9709AD105082}.Debug|x64.Build.0 = Debug|Any CPU
		{217BD922-30B3-43D1-9EEE-9709AD105082}.Release|Any CPU.ActiveCfg = Release|Any CPU
		{217BD922-30B3-43D1-9EEE-9709AD105082}.Release|Any CPU.Build.0 = Release|Any CPU
		{217BD922-30B3-43D1-9EEE-9709AD105082}.Release|x64.ActiveCfg = Release|Any CPU
		{217BD922-30B3-43D1-9EEE-9709AD105082}.Release|x64.Build.0 = Release|Any CPU
		{770A8534-D441-4288-AEDB-13B84CC2037D}.Debug|Any CPU.ActiveCfg = Debug|Any CPU
		{770A8534-D441-4288-AEDB-13B84CC2037D}.Debug|Any CPU.Build.0 = Debug|Any CPU
		{770A8534-D441-4288-AEDB-13B84CC2037D}.Debug|x64.ActiveCfg = Debug|Any CPU
		{770A8534-D441-4288-AEDB-13B84CC2037D}.Debug|x64.Build.0 = Debug|Any CPU
		{770A8534-D441-4288-AEDB-13B84CC2037D}.Release|Any CPU.ActiveCfg = Release|Any CPU
		{770A8534-D441-4288-AEDB-13B84CC2037D}.Release|Any CPU.Build.0 = Release|Any CPU
		{770A8534-D441-4288-AEDB-13B84CC2037D}.Release|x64.ActiveCfg = Release|Any CPU
		{770A8534-D441-4288-AEDB-13B84CC2037D}.Release|x64.Build.0 = Release|Any CPU
		{9AD87E1C-C63A-4FF3-AA3F-40D23B4591F1}.Debug|Any CPU.ActiveCfg = Debug|Any CPU
		{9AD87E1C-C63A-4FF3-AA3F-40D23B4591F1}.Debug|Any CPU.Build.0 = Debug|Any CPU
		{9AD87E1C-C63A-4FF3-AA3F-40D23B4591F1}.Debug|x64.ActiveCfg = Debug|Any CPU
		{9AD87E1C-C63A-4FF3-AA3F-40D23B4591F1}.Debug|x64.Build.0 = Debug|Any CPU
		{9AD87E1C-C63A-4FF3-AA3F-40D23B4591F1}.Release|Any CPU.ActiveCfg = Release|Any CPU
		{9AD87E1C-C63A-4FF3-AA3F-40D23B4591F1}.Release|Any CPU.Build.0 = Release|Any CPU
		{9AD87E1C-C63A-4FF3-AA3F-40D23B4591F1}.Release|x64.ActiveCfg = Release|Any CPU
		{9AD87E1C-C63A-4FF3-AA3F-40D23B4591F1}.Release|x64.Build.0 = Release|Any CPU
		{69C00889-769C-4C2C-9A54-29B6B53E1D9C}.Debug|Any CPU.ActiveCfg = Debug|Any CPU
		{69C00889-769C-4C2C-9A54-29B6B53E1D9C}.Debug|Any CPU.Build.0 = Debug|Any CPU
		{69C00889-769C-4C2C-9A54-29B6B53E1D9C}.Debug|x64.ActiveCfg = Debug|Any CPU
		{69C00889-769C-4C2C-9A54-29B6B53E1D9C}.Debug|x64.Build.0 = Debug|Any CPU
		{69C00889-769C-4C2C-9A54-29B6B53E1D9C}.Release|Any CPU.ActiveCfg = Release|Any CPU
		{69C00889-769C-4C2C-9A54-29B6B53E1D9C}.Release|Any CPU.Build.0 = Release|Any CPU
		{69C00889-769C-4C2C-9A54-29B6B53E1D9C}.Release|x64.ActiveCfg = Release|Any CPU
		{69C00889-769C-4C2C-9A54-29B6B53E1D9C}.Release|x64.Build.0 = Release|Any CPU
		{1003BB7B-2E1D-48AC-A9D0-E2C4B82E62A1}.Debug|Any CPU.ActiveCfg = Debug|Any CPU
		{1003BB7B-2E1D-48AC-A9D0-E2C4B82E62A1}.Debug|Any CPU.Build.0 = Debug|Any CPU
		{1003BB7B-2E1D-48AC-A9D0-E2C4B82E62A1}.Debug|x64.ActiveCfg = Debug|Any CPU
		{1003BB7B-2E1D-48AC-A9D0-E2C4B82E62A1}.Debug|x64.Build.0 = Debug|Any CPU
		{1003BB7B-2E1D-48AC-A9D0-E2C4B82E62A1}.Release|Any CPU.ActiveCfg = Release|Any CPU
		{1003BB7B-2E1D-48AC-A9D0-E2C4B82E62A1}.Release|Any CPU.Build.0 = Release|Any CPU
		{1003BB7B-2E1D-48AC-A9D0-E2C4B82E62A1}.Release|x64.ActiveCfg = Release|Any CPU
		{1003BB7B-2E1D-48AC-A9D0-E2C4B82E62A1}.Release|x64.Build.0 = Release|Any CPU
		{F5A4B108-120D-4971-A3E3-0E41635B5109}.Debug|Any CPU.ActiveCfg = Debug|Any CPU
		{F5A4B108-120D-4971-A3E3-0E41635B5109}.Debug|Any CPU.Build.0 = Debug|Any CPU
		{F5A4B108-120D-4971-A3E3-0E41635B5109}.Debug|x64.ActiveCfg = Debug|Any CPU
		{F5A4B108-120D-4971-A3E3-0E41635B5109}.Debug|x64.Build.0 = Debug|Any CPU
		{F5A4B108-120D-4971-A3E3-0E41635B5109}.Release|Any CPU.ActiveCfg = Release|Any CPU
		{F5A4B108-120D-4971-A3E3-0E41635B5109}.Release|Any CPU.Build.0 = Release|Any CPU
		{F5A4B108-120D-4971-A3E3-0E41635B5109}.Release|x64.ActiveCfg = Release|Any CPU
		{F5A4B108-120D-4971-A3E3-0E41635B5109}.Release|x64.Build.0 = Release|Any CPU
		{B7EA53AA-CC3C-4DBA-8FFC-C0A5AA4BAC50}.Debug|Any CPU.ActiveCfg = Debug|Any CPU
		{B7EA53AA-CC3C-4DBA-8FFC-C0A5AA4BAC50}.Debug|Any CPU.Build.0 = Debug|Any CPU
		{B7EA53AA-CC3C-4DBA-8FFC-C0A5AA4BAC50}.Debug|Any CPU.Deploy.0 = Debug|Any CPU
		{B7EA53AA-CC3C-4DBA-8FFC-C0A5AA4BAC50}.Debug|x64.ActiveCfg = Debug|Any CPU
		{B7EA53AA-CC3C-4DBA-8FFC-C0A5AA4BAC50}.Debug|x64.Build.0 = Debug|Any CPU
		{B7EA53AA-CC3C-4DBA-8FFC-C0A5AA4BAC50}.Release|Any CPU.ActiveCfg = Release|Any CPU
		{B7EA53AA-CC3C-4DBA-8FFC-C0A5AA4BAC50}.Release|Any CPU.Build.0 = Release|Any CPU
		{B7EA53AA-CC3C-4DBA-8FFC-C0A5AA4BAC50}.Release|Any CPU.Deploy.0 = Release|Any CPU
		{B7EA53AA-CC3C-4DBA-8FFC-C0A5AA4BAC50}.Release|x64.ActiveCfg = Release|Any CPU
		{B7EA53AA-CC3C-4DBA-8FFC-C0A5AA4BAC50}.Release|x64.Build.0 = Release|Any CPU
		{B7EA53AA-CC3C-4DBA-8FFC-C0A5AA4BAC50}.Release|x64.Deploy.0 = Release|Any CPU
		{97B5A040-270A-490E-8612-01EC6FAA06BF}.Debug|Any CPU.ActiveCfg = Debug|Any CPU
		{97B5A040-270A-490E-8612-01EC6FAA06BF}.Debug|Any CPU.Build.0 = Debug|Any CPU
		{97B5A040-270A-490E-8612-01EC6FAA06BF}.Debug|x64.ActiveCfg = Debug|Any CPU
		{97B5A040-270A-490E-8612-01EC6FAA06BF}.Debug|x64.Build.0 = Debug|Any CPU
		{97B5A040-270A-490E-8612-01EC6FAA06BF}.Release|Any CPU.ActiveCfg = Release|Any CPU
		{97B5A040-270A-490E-8612-01EC6FAA06BF}.Release|Any CPU.Build.0 = Release|Any CPU
		{97B5A040-270A-490E-8612-01EC6FAA06BF}.Release|x64.ActiveCfg = Release|Any CPU
		{97B5A040-270A-490E-8612-01EC6FAA06BF}.Release|x64.Build.0 = Release|Any CPU
		{846C7206-2ED2-4A36-8140-D7AE657DE61E}.Debug|Any CPU.ActiveCfg = Debug|Any CPU
		{846C7206-2ED2-4A36-8140-D7AE657DE61E}.Debug|Any CPU.Build.0 = Debug|Any CPU
		{846C7206-2ED2-4A36-8140-D7AE657DE61E}.Debug|x64.ActiveCfg = Debug|Any CPU
		{846C7206-2ED2-4A36-8140-D7AE657DE61E}.Debug|x64.Build.0 = Debug|Any CPU
		{846C7206-2ED2-4A36-8140-D7AE657DE61E}.Release|Any CPU.ActiveCfg = Release|Any CPU
		{846C7206-2ED2-4A36-8140-D7AE657DE61E}.Release|Any CPU.Build.0 = Release|Any CPU
		{846C7206-2ED2-4A36-8140-D7AE657DE61E}.Release|x64.ActiveCfg = Release|Any CPU
		{846C7206-2ED2-4A36-8140-D7AE657DE61E}.Release|x64.Build.0 = Release|Any CPU
		{0B8B8A2A-52EE-4445-B2BE-7666FC5BA209}.Debug|Any CPU.ActiveCfg = Debug|Any CPU
		{0B8B8A2A-52EE-4445-B2BE-7666FC5BA209}.Debug|Any CPU.Build.0 = Debug|Any CPU
		{0B8B8A2A-52EE-4445-B2BE-7666FC5BA209}.Debug|x64.ActiveCfg = Debug|Any CPU
		{0B8B8A2A-52EE-4445-B2BE-7666FC5BA209}.Debug|x64.Build.0 = Debug|Any CPU
		{0B8B8A2A-52EE-4445-B2BE-7666FC5BA209}.Release|Any CPU.ActiveCfg = Release|Any CPU
		{0B8B8A2A-52EE-4445-B2BE-7666FC5BA209}.Release|Any CPU.Build.0 = Release|Any CPU
		{0B8B8A2A-52EE-4445-B2BE-7666FC5BA209}.Release|x64.ActiveCfg = Release|Any CPU
		{0B8B8A2A-52EE-4445-B2BE-7666FC5BA209}.Release|x64.Build.0 = Release|Any CPU
		{93988F7C-B7B2-4308-BBB0-A27C1E8A03DD}.Debug|Any CPU.ActiveCfg = Debug|Any CPU
		{93988F7C-B7B2-4308-BBB0-A27C1E8A03DD}.Debug|Any CPU.Build.0 = Debug|Any CPU
		{93988F7C-B7B2-4308-BBB0-A27C1E8A03DD}.Debug|x64.ActiveCfg = Debug|Any CPU
		{93988F7C-B7B2-4308-BBB0-A27C1E8A03DD}.Debug|x64.Build.0 = Debug|Any CPU
		{93988F7C-B7B2-4308-BBB0-A27C1E8A03DD}.Release|Any CPU.ActiveCfg = Release|Any CPU
		{93988F7C-B7B2-4308-BBB0-A27C1E8A03DD}.Release|Any CPU.Build.0 = Release|Any CPU
		{93988F7C-B7B2-4308-BBB0-A27C1E8A03DD}.Release|x64.ActiveCfg = Release|Any CPU
		{93988F7C-B7B2-4308-BBB0-A27C1E8A03DD}.Release|x64.Build.0 = Release|Any CPU
		{F0DB33BD-3C44-43AC-B2AB-99D692A699E7}.Debug|Any CPU.ActiveCfg = Debug|Any CPU
		{F0DB33BD-3C44-43AC-B2AB-99D692A699E7}.Debug|Any CPU.Build.0 = Debug|Any CPU
		{F0DB33BD-3C44-43AC-B2AB-99D692A699E7}.Debug|x64.ActiveCfg = Debug|Any CPU
		{F0DB33BD-3C44-43AC-B2AB-99D692A699E7}.Debug|x64.Build.0 = Debug|Any CPU
		{F0DB33BD-3C44-43AC-B2AB-99D692A699E7}.Release|Any CPU.ActiveCfg = Release|Any CPU
		{F0DB33BD-3C44-43AC-B2AB-99D692A699E7}.Release|Any CPU.Build.0 = Release|Any CPU
		{F0DB33BD-3C44-43AC-B2AB-99D692A699E7}.Release|x64.ActiveCfg = Release|Any CPU
		{F0DB33BD-3C44-43AC-B2AB-99D692A699E7}.Release|x64.Build.0 = Release|Any CPU
		{19819F4D-4156-4B56-973A-C88EBC93C8E8}.Debug|Any CPU.ActiveCfg = Debug|Any CPU
		{19819F4D-4156-4B56-973A-C88EBC93C8E8}.Debug|Any CPU.Build.0 = Debug|Any CPU
		{19819F4D-4156-4B56-973A-C88EBC93C8E8}.Debug|x64.ActiveCfg = Debug|Any CPU
		{19819F4D-4156-4B56-973A-C88EBC93C8E8}.Debug|x64.Build.0 = Debug|Any CPU
		{19819F4D-4156-4B56-973A-C88EBC93C8E8}.Release|Any CPU.ActiveCfg = Release|Any CPU
		{19819F4D-4156-4B56-973A-C88EBC93C8E8}.Release|Any CPU.Build.0 = Release|Any CPU
		{19819F4D-4156-4B56-973A-C88EBC93C8E8}.Release|x64.ActiveCfg = Release|Any CPU
		{19819F4D-4156-4B56-973A-C88EBC93C8E8}.Release|x64.Build.0 = Release|Any CPU
		{EE983C02-182C-4B13-8568-9D40CEF9191C}.Debug|Any CPU.ActiveCfg = Debug|Any CPU
		{EE983C02-182C-4B13-8568-9D40CEF9191C}.Debug|Any CPU.Build.0 = Debug|Any CPU
		{EE983C02-182C-4B13-8568-9D40CEF9191C}.Debug|x64.ActiveCfg = Debug|Any CPU
		{EE983C02-182C-4B13-8568-9D40CEF9191C}.Debug|x64.Build.0 = Debug|Any CPU
		{EE983C02-182C-4B13-8568-9D40CEF9191C}.Release|Any CPU.ActiveCfg = Release|Any CPU
		{EE983C02-182C-4B13-8568-9D40CEF9191C}.Release|Any CPU.Build.0 = Release|Any CPU
		{EE983C02-182C-4B13-8568-9D40CEF9191C}.Release|x64.ActiveCfg = Release|Any CPU
		{EE983C02-182C-4B13-8568-9D40CEF9191C}.Release|x64.Build.0 = Release|Any CPU
		{16251B74-E916-4E91-90FB-99110A05BBE7}.Debug|Any CPU.ActiveCfg = Debug|Any CPU
		{16251B74-E916-4E91-90FB-99110A05BBE7}.Debug|Any CPU.Build.0 = Debug|Any CPU
		{16251B74-E916-4E91-90FB-99110A05BBE7}.Debug|x64.ActiveCfg = Debug|Any CPU
		{16251B74-E916-4E91-90FB-99110A05BBE7}.Debug|x64.Build.0 = Debug|Any CPU
		{16251B74-E916-4E91-90FB-99110A05BBE7}.Release|Any CPU.ActiveCfg = Release|Any CPU
		{16251B74-E916-4E91-90FB-99110A05BBE7}.Release|Any CPU.Build.0 = Release|Any CPU
		{16251B74-E916-4E91-90FB-99110A05BBE7}.Release|x64.ActiveCfg = Release|Any CPU
		{16251B74-E916-4E91-90FB-99110A05BBE7}.Release|x64.Build.0 = Release|Any CPU
		{F0FB5C81-5F07-4BEB-9899-40554F061148}.Debug|Any CPU.ActiveCfg = Debug|Any CPU
		{F0FB5C81-5F07-4BEB-9899-40554F061148}.Debug|Any CPU.Build.0 = Debug|Any CPU
		{F0FB5C81-5F07-4BEB-9899-40554F061148}.Debug|x64.ActiveCfg = Debug|Any CPU
		{F0FB5C81-5F07-4BEB-9899-40554F061148}.Debug|x64.Build.0 = Debug|Any CPU
		{F0FB5C81-5F07-4BEB-9899-40554F061148}.Release|Any CPU.ActiveCfg = Release|Any CPU
		{F0FB5C81-5F07-4BEB-9899-40554F061148}.Release|Any CPU.Build.0 = Release|Any CPU
		{F0FB5C81-5F07-4BEB-9899-40554F061148}.Release|x64.ActiveCfg = Release|Any CPU
		{F0FB5C81-5F07-4BEB-9899-40554F061148}.Release|x64.Build.0 = Release|Any CPU
		{DE7B552E-733D-4318-961B-8647408BA6FE}.Debug|Any CPU.ActiveCfg = Debug|Any CPU
		{DE7B552E-733D-4318-961B-8647408BA6FE}.Debug|Any CPU.Build.0 = Debug|Any CPU
		{DE7B552E-733D-4318-961B-8647408BA6FE}.Debug|x64.ActiveCfg = Debug|Any CPU
		{DE7B552E-733D-4318-961B-8647408BA6FE}.Debug|x64.Build.0 = Debug|Any CPU
		{DE7B552E-733D-4318-961B-8647408BA6FE}.Release|Any CPU.ActiveCfg = Release|Any CPU
		{DE7B552E-733D-4318-961B-8647408BA6FE}.Release|Any CPU.Build.0 = Release|Any CPU
		{DE7B552E-733D-4318-961B-8647408BA6FE}.Release|x64.ActiveCfg = Release|Any CPU
		{DE7B552E-733D-4318-961B-8647408BA6FE}.Release|x64.Build.0 = Release|Any CPU
		{C3C43C3C-AABF-4437-A74A-FA532480D296}.Debug|Any CPU.ActiveCfg = Debug|Any CPU
		{C3C43C3C-AABF-4437-A74A-FA532480D296}.Debug|Any CPU.Build.0 = Debug|Any CPU
		{C3C43C3C-AABF-4437-A74A-FA532480D296}.Debug|x64.ActiveCfg = Debug|Any CPU
		{C3C43C3C-AABF-4437-A74A-FA532480D296}.Debug|x64.Build.0 = Debug|Any CPU
		{C3C43C3C-AABF-4437-A74A-FA532480D296}.Release|Any CPU.ActiveCfg = Release|Any CPU
		{C3C43C3C-AABF-4437-A74A-FA532480D296}.Release|Any CPU.Build.0 = Release|Any CPU
		{C3C43C3C-AABF-4437-A74A-FA532480D296}.Release|x64.ActiveCfg = Release|Any CPU
		{C3C43C3C-AABF-4437-A74A-FA532480D296}.Release|x64.Build.0 = Release|Any CPU
		{3F78827C-9657-4D21-99A3-97ECC60BF88C}.Debug|Any CPU.ActiveCfg = Debug|Any CPU
		{3F78827C-9657-4D21-99A3-97ECC60BF88C}.Debug|Any CPU.Build.0 = Debug|Any CPU
		{3F78827C-9657-4D21-99A3-97ECC60BF88C}.Debug|x64.ActiveCfg = Debug|Any CPU
		{3F78827C-9657-4D21-99A3-97ECC60BF88C}.Debug|x64.Build.0 = Debug|Any CPU
		{3F78827C-9657-4D21-99A3-97ECC60BF88C}.Release|Any CPU.ActiveCfg = Release|Any CPU
		{3F78827C-9657-4D21-99A3-97ECC60BF88C}.Release|Any CPU.Build.0 = Release|Any CPU
		{3F78827C-9657-4D21-99A3-97ECC60BF88C}.Release|x64.ActiveCfg = Release|Any CPU
		{3F78827C-9657-4D21-99A3-97ECC60BF88C}.Release|x64.Build.0 = Release|Any CPU
		{26FE921C-B7D6-4863-97F8-DA98C9C69B6E}.Debug|Any CPU.ActiveCfg = Debug|Any CPU
		{26FE921C-B7D6-4863-97F8-DA98C9C69B6E}.Debug|Any CPU.Build.0 = Debug|Any CPU
		{26FE921C-B7D6-4863-97F8-DA98C9C69B6E}.Debug|x64.ActiveCfg = Debug|Any CPU
		{26FE921C-B7D6-4863-97F8-DA98C9C69B6E}.Debug|x64.Build.0 = Debug|Any CPU
		{26FE921C-B7D6-4863-97F8-DA98C9C69B6E}.Release|Any CPU.ActiveCfg = Release|Any CPU
		{26FE921C-B7D6-4863-97F8-DA98C9C69B6E}.Release|Any CPU.Build.0 = Release|Any CPU
		{26FE921C-B7D6-4863-97F8-DA98C9C69B6E}.Release|x64.ActiveCfg = Release|Any CPU
		{26FE921C-B7D6-4863-97F8-DA98C9C69B6E}.Release|x64.Build.0 = Release|Any CPU
		{B001E2A5-3F40-4B30-ADC5-BBA6EEB3CEEC}.Debug|Any CPU.ActiveCfg = Debug|Any CPU
		{B001E2A5-3F40-4B30-ADC5-BBA6EEB3CEEC}.Debug|Any CPU.Build.0 = Debug|Any CPU
		{B001E2A5-3F40-4B30-ADC5-BBA6EEB3CEEC}.Debug|x64.ActiveCfg = Debug|Any CPU
		{B001E2A5-3F40-4B30-ADC5-BBA6EEB3CEEC}.Debug|x64.Build.0 = Debug|Any CPU
		{B001E2A5-3F40-4B30-ADC5-BBA6EEB3CEEC}.Release|Any CPU.ActiveCfg = Release|Any CPU
		{B001E2A5-3F40-4B30-ADC5-BBA6EEB3CEEC}.Release|Any CPU.Build.0 = Release|Any CPU
		{B001E2A5-3F40-4B30-ADC5-BBA6EEB3CEEC}.Release|x64.ActiveCfg = Release|Any CPU
		{B001E2A5-3F40-4B30-ADC5-BBA6EEB3CEEC}.Release|x64.Build.0 = Release|Any CPU
		{428B6B6B-B55E-4E4F-AB18-2701AC9BB3D4}.Debug|Any CPU.ActiveCfg = Debug|Any CPU
		{428B6B6B-B55E-4E4F-AB18-2701AC9BB3D4}.Debug|Any CPU.Build.0 = Debug|Any CPU
		{428B6B6B-B55E-4E4F-AB18-2701AC9BB3D4}.Debug|x64.ActiveCfg = Debug|Any CPU
		{428B6B6B-B55E-4E4F-AB18-2701AC9BB3D4}.Debug|x64.Build.0 = Debug|Any CPU
		{428B6B6B-B55E-4E4F-AB18-2701AC9BB3D4}.Release|Any CPU.ActiveCfg = Release|Any CPU
		{428B6B6B-B55E-4E4F-AB18-2701AC9BB3D4}.Release|Any CPU.Build.0 = Release|Any CPU
		{428B6B6B-B55E-4E4F-AB18-2701AC9BB3D4}.Release|x64.ActiveCfg = Release|Any CPU
		{428B6B6B-B55E-4E4F-AB18-2701AC9BB3D4}.Release|x64.Build.0 = Release|Any CPU
		{1AAF0A79-B5D0-4786-A2A2-80E14CF7CEB1}.Debug|Any CPU.ActiveCfg = Debug|Any CPU
		{1AAF0A79-B5D0-4786-A2A2-80E14CF7CEB1}.Debug|Any CPU.Build.0 = Debug|Any CPU
		{1AAF0A79-B5D0-4786-A2A2-80E14CF7CEB1}.Debug|x64.ActiveCfg = Debug|Any CPU
		{1AAF0A79-B5D0-4786-A2A2-80E14CF7CEB1}.Debug|x64.Build.0 = Debug|Any CPU
		{1AAF0A79-B5D0-4786-A2A2-80E14CF7CEB1}.Release|Any CPU.ActiveCfg = Release|Any CPU
		{1AAF0A79-B5D0-4786-A2A2-80E14CF7CEB1}.Release|Any CPU.Build.0 = Release|Any CPU
		{1AAF0A79-B5D0-4786-A2A2-80E14CF7CEB1}.Release|x64.ActiveCfg = Release|Any CPU
		{1AAF0A79-B5D0-4786-A2A2-80E14CF7CEB1}.Release|x64.Build.0 = Release|Any CPU
		{5EC84123-D50C-4A61-8986-EF4E7AF2F420}.Debug|Any CPU.ActiveCfg = Debug|Any CPU
		{5EC84123-D50C-4A61-8986-EF4E7AF2F420}.Debug|Any CPU.Build.0 = Debug|Any CPU
		{5EC84123-D50C-4A61-8986-EF4E7AF2F420}.Debug|x64.ActiveCfg = Debug|Any CPU
		{5EC84123-D50C-4A61-8986-EF4E7AF2F420}.Debug|x64.Build.0 = Debug|Any CPU
		{5EC84123-D50C-4A61-8986-EF4E7AF2F420}.Release|Any CPU.ActiveCfg = Release|Any CPU
		{5EC84123-D50C-4A61-8986-EF4E7AF2F420}.Release|Any CPU.Build.0 = Release|Any CPU
		{5EC84123-D50C-4A61-8986-EF4E7AF2F420}.Release|x64.ActiveCfg = Release|Any CPU
		{5EC84123-D50C-4A61-8986-EF4E7AF2F420}.Release|x64.Build.0 = Release|Any CPU
	EndGlobalSection
	GlobalSection(SolutionProperties) = preSolution
		HideSolutionNode = FALSE
	EndGlobalSection
	GlobalSection(NestedProjects) = preSolution
		{7A96B998-AB47-41A7-B045-4F561BA5B548} = {DFCD1607-8765-49AC-A1EF-0C5D304CF702}
		{0F3A0868-521A-4356-BFD1-1029651F94B0} = {E0FCA6CE-0855-4F86-A1C9-6160D407D1CB}
		{217BD922-30B3-43D1-9EEE-9709AD105082} = {3E197435-0026-4271-BFF2-0859BF71098B}
		{770A8534-D441-4288-AEDB-13B84CC2037D} = {6C5BF55E-B863-4AF4-B7F9-53BD7393CCD3}
		{9AD87E1C-C63A-4FF3-AA3F-40D23B4591F1} = {3E197435-0026-4271-BFF2-0859BF71098B}
		{69C00889-769C-4C2C-9A54-29B6B53E1D9C} = {6C5BF55E-B863-4AF4-B7F9-53BD7393CCD3}
		{1003BB7B-2E1D-48AC-A9D0-E2C4B82E62A1} = {6C5BF55E-B863-4AF4-B7F9-53BD7393CCD3}
		{F5A4B108-120D-4971-A3E3-0E41635B5109} = {6C5BF55E-B863-4AF4-B7F9-53BD7393CCD3}
		{B7EA53AA-CC3C-4DBA-8FFC-C0A5AA4BAC50} = {BEE36E62-61E9-41DB-A876-E8B014D2FA25}
		{97B5A040-270A-490E-8612-01EC6FAA06BF} = {6C5BF55E-B863-4AF4-B7F9-53BD7393CCD3}
		{846C7206-2ED2-4A36-8140-D7AE657DE61E} = {6C5BF55E-B863-4AF4-B7F9-53BD7393CCD3}
		{0B8B8A2A-52EE-4445-B2BE-7666FC5BA209} = {6C5BF55E-B863-4AF4-B7F9-53BD7393CCD3}
		{93988F7C-B7B2-4308-BBB0-A27C1E8A03DD} = {6C5BF55E-B863-4AF4-B7F9-53BD7393CCD3}
		{F0DB33BD-3C44-43AC-B2AB-99D692A699E7} = {6C5BF55E-B863-4AF4-B7F9-53BD7393CCD3}
		{19819F4D-4156-4B56-973A-C88EBC93C8E8} = {6C5BF55E-B863-4AF4-B7F9-53BD7393CCD3}
		{EE983C02-182C-4B13-8568-9D40CEF9191C} = {6C5BF55E-B863-4AF4-B7F9-53BD7393CCD3}
		{16251B74-E916-4E91-90FB-99110A05BBE7} = {6C5BF55E-B863-4AF4-B7F9-53BD7393CCD3}
		{F0FB5C81-5F07-4BEB-9899-40554F061148} = {6C5BF55E-B863-4AF4-B7F9-53BD7393CCD3}
		{DE7B552E-733D-4318-961B-8647408BA6FE} = {6C5BF55E-B863-4AF4-B7F9-53BD7393CCD3}
		{C3C43C3C-AABF-4437-A74A-FA532480D296} = {3E197435-0026-4271-BFF2-0859BF71098B}
		{3F78827C-9657-4D21-99A3-97ECC60BF88C} = {6C5BF55E-B863-4AF4-B7F9-53BD7393CCD3}
		{26FE921C-B7D6-4863-97F8-DA98C9C69B6E} = {6C5BF55E-B863-4AF4-B7F9-53BD7393CCD3}
		{B001E2A5-3F40-4B30-ADC5-BBA6EEB3CEEC} = {6C5BF55E-B863-4AF4-B7F9-53BD7393CCD3}
		{428B6B6B-B55E-4E4F-AB18-2701AC9BB3D4} = {6C5BF55E-B863-4AF4-B7F9-53BD7393CCD3}
		{1AAF0A79-B5D0-4786-A2A2-80E14CF7CEB1} = {6C5BF55E-B863-4AF4-B7F9-53BD7393CCD3}
		{5EC84123-D50C-4A61-8986-EF4E7AF2F420} = {6C5BF55E-B863-4AF4-B7F9-53BD7393CCD3}
	EndGlobalSection
	GlobalSection(ExtensibilityGlobals) = postSolution
		EnterpriseLibraryConfigurationToolBinariesPathV6 = packages\EnterpriseLibrary.TransientFaultHandling.6.0.1304.0\lib\portable-net45+win+wp8;packages\EnterpriseLibrary.TransientFaultHandling.Data.6.0.1304.1\lib\NET45
	EndGlobalSection
EndGlobal
